// !$*UTF8*$!
{
	archiveVersion = 1;
	classes = {
	};
	objectVersion = 50;
	objects = {

/* Begin PBXBuildFile section */
		CE1CD3BC23F31F1900F1EAD5 /* MMTitleLabel.swift in Sources */ = {isa = PBXBuildFile; fileRef = CE1CD3BB23F31F1900F1EAD5 /* MMTitleLabel.swift */; };
		CE218E8323F46518003CF1B8 /* MovieInfoVC.swift in Sources */ = {isa = PBXBuildFile; fileRef = CE218E8223F46518003CF1B8 /* MovieInfoVC.swift */; };
		CE4FD247241013E900F0A132 /* Movie+CoreDataProperties.swift in Sources */ = {isa = PBXBuildFile; fileRef = CE4FD246241013E900F0A132 /* Movie+CoreDataProperties.swift */; };
		CE8E2A9823F1A509009AB591 /* AppDelegate.swift in Sources */ = {isa = PBXBuildFile; fileRef = CE8E2A9723F1A509009AB591 /* AppDelegate.swift */; };
		CE8E2A9A23F1A509009AB591 /* SceneDelegate.swift in Sources */ = {isa = PBXBuildFile; fileRef = CE8E2A9923F1A509009AB591 /* SceneDelegate.swift */; };
		CE8E2AA223F1A509009AB591 /* MyMovies.xcdatamodeld in Sources */ = {isa = PBXBuildFile; fileRef = CE8E2AA023F1A509009AB591 /* MyMovies.xcdatamodeld */; };
		CE8E2AA423F1A50B009AB591 /* Assets.xcassets in Resources */ = {isa = PBXBuildFile; fileRef = CE8E2AA323F1A50B009AB591 /* Assets.xcassets */; };
		CE8E2AA723F1A50B009AB591 /* LaunchScreen.storyboard in Resources */ = {isa = PBXBuildFile; fileRef = CE8E2AA523F1A50B009AB591 /* LaunchScreen.storyboard */; };
		CE8E2AB123F1A6A0009AB591 /* MMTabBarController.swift in Sources */ = {isa = PBXBuildFile; fileRef = CE8E2AB023F1A6A0009AB591 /* MMTabBarController.swift */; };
		CE8E2AB423F1A74C009AB591 /* ToSeeVC.swift in Sources */ = {isa = PBXBuildFile; fileRef = CE8E2AB323F1A74C009AB591 /* ToSeeVC.swift */; };
		CE8E2AB623F1A760009AB591 /* AlreadyWatchedVC.swift in Sources */ = {isa = PBXBuildFile; fileRef = CE8E2AB523F1A760009AB591 /* AlreadyWatchedVC.swift */; };
		CED8BF2123FB24BC00567E8A /* Movie+CoreDataClass.swift in Sources */ = {isa = PBXBuildFile; fileRef = CED8BF1F23FB24BC00567E8A /* Movie+CoreDataClass.swift */; };
		CEF8FEAF23F31C36001CBB1F /* MovieCell.swift in Sources */ = {isa = PBXBuildFile; fileRef = CEF8FEAE23F31C36001CBB1F /* MovieCell.swift */; };
/* End PBXBuildFile section */

/* Begin PBXFileReference section */
		CE1CD3BB23F31F1900F1EAD5 /* MMTitleLabel.swift */ = {isa = PBXFileReference; lastKnownFileType = sourcecode.swift; path = MMTitleLabel.swift; sourceTree = "<group>"; };
		CE218E8223F46518003CF1B8 /* MovieInfoVC.swift */ = {isa = PBXFileReference; lastKnownFileType = sourcecode.swift; path = MovieInfoVC.swift; sourceTree = "<group>"; };
		CE4FD246241013E900F0A132 /* Movie+CoreDataProperties.swift */ = {isa = PBXFileReference; lastKnownFileType = sourcecode.swift; path = "Movie+CoreDataProperties.swift"; sourceTree = "<group>"; };
		CE8E2A9423F1A509009AB591 /* MyMovies.app */ = {isa = PBXFileReference; explicitFileType = wrapper.application; includeInIndex = 0; path = MyMovies.app; sourceTree = BUILT_PRODUCTS_DIR; };
		CE8E2A9723F1A509009AB591 /* AppDelegate.swift */ = {isa = PBXFileReference; lastKnownFileType = sourcecode.swift; path = AppDelegate.swift; sourceTree = "<group>"; };
		CE8E2A9923F1A509009AB591 /* SceneDelegate.swift */ = {isa = PBXFileReference; lastKnownFileType = sourcecode.swift; path = SceneDelegate.swift; sourceTree = "<group>"; };
		CE8E2AA123F1A509009AB591 /* MyMovies.xcdatamodel */ = {isa = PBXFileReference; lastKnownFileType = wrapper.xcdatamodel; path = MyMovies.xcdatamodel; sourceTree = "<group>"; };
		CE8E2AA323F1A50B009AB591 /* Assets.xcassets */ = {isa = PBXFileReference; lastKnownFileType = folder.assetcatalog; path = Assets.xcassets; sourceTree = "<group>"; };
		CE8E2AA623F1A50B009AB591 /* Base */ = {isa = PBXFileReference; lastKnownFileType = file.storyboard; name = Base; path = Base.lproj/LaunchScreen.storyboard; sourceTree = "<group>"; };
		CE8E2AA823F1A50B009AB591 /* Info.plist */ = {isa = PBXFileReference; lastKnownFileType = text.plist.xml; path = Info.plist; sourceTree = "<group>"; };
		CE8E2AB023F1A6A0009AB591 /* MMTabBarController.swift */ = {isa = PBXFileReference; lastKnownFileType = sourcecode.swift; path = MMTabBarController.swift; sourceTree = "<group>"; };
		CE8E2AB323F1A74C009AB591 /* ToSeeVC.swift */ = {isa = PBXFileReference; lastKnownFileType = sourcecode.swift; path = ToSeeVC.swift; sourceTree = "<group>"; };
		CE8E2AB523F1A760009AB591 /* AlreadyWatchedVC.swift */ = {isa = PBXFileReference; lastKnownFileType = sourcecode.swift; path = AlreadyWatchedVC.swift; sourceTree = "<group>"; };
		CED8BF1F23FB24BC00567E8A /* Movie+CoreDataClass.swift */ = {isa = PBXFileReference; lastKnownFileType = sourcecode.swift; path = "Movie+CoreDataClass.swift"; sourceTree = "<group>"; };
		CEF8FEAE23F31C36001CBB1F /* MovieCell.swift */ = {isa = PBXFileReference; lastKnownFileType = sourcecode.swift; path = MovieCell.swift; sourceTree = "<group>"; };
/* End PBXFileReference section */

/* Begin PBXFrameworksBuildPhase section */
		CE8E2A9123F1A509009AB591 /* Frameworks */ = {
			isa = PBXFrameworksBuildPhase;
			buildActionMask = 2147483647;
			files = (
			);
			runOnlyForDeploymentPostprocessing = 0;
		};
/* End PBXFrameworksBuildPhase section */

/* Begin PBXGroup section */
		CE1CD3BA23F31EEE00F1EAD5 /* Labels */ = {
			isa = PBXGroup;
			children = (
				CE1CD3BB23F31F1900F1EAD5 /* MMTitleLabel.swift */,
			);
			path = Labels;
			sourceTree = "<group>";
		};
		CE4FD2482410238D00F0A132 /* Support */ = {
			isa = PBXGroup;
			children = (
				CE8E2A9923F1A509009AB591 /* SceneDelegate.swift */,
				CE8E2AA323F1A50B009AB591 /* Assets.xcassets */,
				CE8E2AA523F1A50B009AB591 /* LaunchScreen.storyboard */,
			);
			path = Support;
			sourceTree = "<group>";
		};
		CE8E2A8B23F1A509009AB591 = {
			isa = PBXGroup;
			children = (
				CE8E2A9623F1A509009AB591 /* MyMovies */,
				CE8E2A9523F1A509009AB591 /* Products */,
			);
			sourceTree = "<group>";
		};
		CE8E2A9523F1A509009AB591 /* Products */ = {
			isa = PBXGroup;
			children = (
				CE8E2A9423F1A509009AB591 /* MyMovies.app */,
			);
			name = Products;
			sourceTree = "<group>";
		};
		CE8E2A9623F1A509009AB591 /* MyMovies */ = {
			isa = PBXGroup;
			children = (
				CE8E2A9723F1A509009AB591 /* AppDelegate.swift */,
				CE4FD2482410238D00F0A132 /* Support */,
				CE8E2ABA23F1B51A009AB591 /* Model */,
				CE8E2AB723F1B48F009AB591 /* Extensions */,
				CE8E2AB223F1A72D009AB591 /* Screens */,
				CE8E2AAE23F1A670009AB591 /* Custom Views */,
				CE8E2AA823F1A50B009AB591 /* Info.plist */,
			);
			path = MyMovies;
			sourceTree = "<group>";
		};
		CE8E2AAE23F1A670009AB591 /* Custom Views */ = {
			isa = PBXGroup;
			children = (
				CE1CD3BA23F31EEE00F1EAD5 /* Labels */,
				CEF8FEB023F31CC9001CBB1F /* Cell */,
				CE8E2AAF23F1A67A009AB591 /* TabBarControllers */,
			);
			path = "Custom Views";
			sourceTree = "<group>";
		};
		CE8E2AAF23F1A67A009AB591 /* TabBarControllers */ = {
			isa = PBXGroup;
			children = (
				CE8E2AB023F1A6A0009AB591 /* MMTabBarController.swift */,
			);
			path = TabBarControllers;
			sourceTree = "<group>";
		};
		CE8E2AB223F1A72D009AB591 /* Screens */ = {
			isa = PBXGroup;
			children = (
				CE8E2AB323F1A74C009AB591 /* ToSeeVC.swift */,
				CE8E2AB523F1A760009AB591 /* AlreadyWatchedVC.swift */,
				CE218E8223F46518003CF1B8 /* MovieInfoVC.swift */,
			);
			path = Screens;
			sourceTree = "<group>";
		};
		CE8E2AB723F1B48F009AB591 /* Extensions */ = {
			isa = PBXGroup;
			children = (
			);
			path = Extensions;
			sourceTree = "<group>";
		};
		CE8E2ABA23F1B51A009AB591 /* Model */ = {
			isa = PBXGroup;
			children = (
				CE4FD246241013E900F0A132 /* Movie+CoreDataProperties.swift */,
				CED8BF1F23FB24BC00567E8A /* Movie+CoreDataClass.swift */,
				CE8E2AA023F1A509009AB591 /* MyMovies.xcdatamodeld */,
			);
			path = Model;
			sourceTree = "<group>";
		};
		CEF8FEB023F31CC9001CBB1F /* Cell */ = {
			isa = PBXGroup;
			children = (
				CEF8FEAE23F31C36001CBB1F /* MovieCell.swift */,
			);
			path = Cell;
			sourceTree = "<group>";
		};
/* End PBXGroup section */

/* Begin PBXNativeTarget section */
		CE8E2A9323F1A509009AB591 /* MyMovies */ = {
			isa = PBXNativeTarget;
			buildConfigurationList = CE8E2AAB23F1A50B009AB591 /* Build configuration list for PBXNativeTarget "MyMovies" */;
			buildPhases = (
				CE8E2A9023F1A509009AB591 /* Sources */,
				CE8E2A9123F1A509009AB591 /* Frameworks */,
				CE8E2A9223F1A509009AB591 /* Resources */,
			);
			buildRules = (
			);
			dependencies = (
			);
			name = MyMovies;
			productName = MyMovies;
			productReference = CE8E2A9423F1A509009AB591 /* MyMovies.app */;
			productType = "com.apple.product-type.application";
		};
/* End PBXNativeTarget section */

/* Begin PBXProject section */
		CE8E2A8C23F1A509009AB591 /* Project object */ = {
			isa = PBXProject;
			attributes = {
				LastSwiftUpdateCheck = 1100;
				LastUpgradeCheck = 1100;
				ORGANIZATIONNAME = "Vlad Volkov";
				TargetAttributes = {
					CE8E2A9323F1A509009AB591 = {
						CreatedOnToolsVersion = 11.0;
					};
				};
			};
			buildConfigurationList = CE8E2A8F23F1A509009AB591 /* Build configuration list for PBXProject "MyMovies" */;
			compatibilityVersion = "Xcode 9.3";
			developmentRegion = en;
			hasScannedForEncodings = 0;
			knownRegions = (
				en,
				Base,
			);
			mainGroup = CE8E2A8B23F1A509009AB591;
			productRefGroup = CE8E2A9523F1A509009AB591 /* Products */;
			projectDirPath = "";
			projectRoot = "";
			targets = (
				CE8E2A9323F1A509009AB591 /* MyMovies */,
			);
		};
/* End PBXProject section */

/* Begin PBXResourcesBuildPhase section */
		CE8E2A9223F1A509009AB591 /* Resources */ = {
			isa = PBXResourcesBuildPhase;
			buildActionMask = 2147483647;
			files = (
				CE8E2AA723F1A50B009AB591 /* LaunchScreen.storyboard in Resources */,
				CE8E2AA423F1A50B009AB591 /* Assets.xcassets in Resources */,
			);
			runOnlyForDeploymentPostprocessing = 0;
		};
/* End PBXResourcesBuildPhase section */

/* Begin PBXSourcesBuildPhase section */
		CE8E2A9023F1A509009AB591 /* Sources */ = {
			isa = PBXSourcesBuildPhase;
			buildActionMask = 2147483647;
			files = (
				CE8E2AB123F1A6A0009AB591 /* MMTabBarController.swift in Sources */,
				CE8E2A9823F1A509009AB591 /* AppDelegate.swift in Sources */,
				CED8BF2123FB24BC00567E8A /* Movie+CoreDataClass.swift in Sources */,
				CE8E2AB423F1A74C009AB591 /* ToSeeVC.swift in Sources */,
				CE8E2AB623F1A760009AB591 /* AlreadyWatchedVC.swift in Sources */,
				CE4FD247241013E900F0A132 /* Movie+CoreDataProperties.swift in Sources */,
				CE8E2AA223F1A509009AB591 /* MyMovies.xcdatamodeld in Sources */,
				CEF8FEAF23F31C36001CBB1F /* MovieCell.swift in Sources */,
				CE218E8323F46518003CF1B8 /* MovieInfoVC.swift in Sources */,
				CE8E2A9A23F1A509009AB591 /* SceneDelegate.swift in Sources */,
				CE1CD3BC23F31F1900F1EAD5 /* MMTitleLabel.swift in Sources */,
			);
			runOnlyForDeploymentPostprocessing = 0;
		};
/* End PBXSourcesBuildPhase section */

/* Begin PBXVariantGroup section */
		CE8E2AA523F1A50B009AB591 /* LaunchScreen.storyboard */ = {
			isa = PBXVariantGroup;
			children = (
				CE8E2AA623F1A50B009AB591 /* Base */,
			);
			name = LaunchScreen.storyboard;
			sourceTree = "<group>";
		};
/* End PBXVariantGroup section */

/* Begin XCBuildConfiguration section */
		CE8E2AA923F1A50B009AB591 /* Debug */ = {
			isa = XCBuildConfiguration;
			buildSettings = {
				ALWAYS_SEARCH_USER_PATHS = NO;
				CLANG_ANALYZER_NONNULL = YES;
				CLANG_ANALYZER_NUMBER_OBJECT_CONVERSION = YES_AGGRESSIVE;
				CLANG_CXX_LANGUAGE_STANDARD = "gnu++14";
				CLANG_CXX_LIBRARY = "libc++";
				CLANG_ENABLE_MODULES = YES;
				CLANG_ENABLE_OBJC_ARC = YES;
				CLANG_ENABLE_OBJC_WEAK = YES;
				CLANG_WARN_BLOCK_CAPTURE_AUTORELEASING = YES;
				CLANG_WARN_BOOL_CONVERSION = YES;
				CLANG_WARN_COMMA = YES;
				CLANG_WARN_CONSTANT_CONVERSION = YES;
				CLANG_WARN_DEPRECATED_OBJC_IMPLEMENTATIONS = YES;
				CLANG_WARN_DIRECT_OBJC_ISA_USAGE = YES_ERROR;
				CLANG_WARN_DOCUMENTATION_COMMENTS = YES;
				CLANG_WARN_EMPTY_BODY = YES;
				CLANG_WARN_ENUM_CONVERSION = YES;
				CLANG_WARN_INFINITE_RECURSION = YES;
				CLANG_WARN_INT_CONVERSION = YES;
				CLANG_WARN_NON_LITERAL_NULL_CONVERSION = YES;
				CLANG_WARN_OBJC_IMPLICIT_RETAIN_SELF = YES;
				CLANG_WARN_OBJC_LITERAL_CONVERSION = YES;
				CLANG_WARN_OBJC_ROOT_CLASS = YES_ERROR;
				CLANG_WARN_RANGE_LOOP_ANALYSIS = YES;
				CLANG_WARN_STRICT_PROTOTYPES = YES;
				CLANG_WARN_SUSPICIOUS_MOVE = YES;
				CLANG_WARN_UNGUARDED_AVAILABILITY = YES_AGGRESSIVE;
				CLANG_WARN_UNREACHABLE_CODE = YES;
				CLANG_WARN__DUPLICATE_METHOD_MATCH = YES;
				COPY_PHASE_STRIP = NO;
				DEBUG_INFORMATION_FORMAT = dwarf;
				ENABLE_STRICT_OBJC_MSGSEND = YES;
				ENABLE_TESTABILITY = YES;
				GCC_C_LANGUAGE_STANDARD = gnu11;
				GCC_DYNAMIC_NO_PIC = NO;
				GCC_NO_COMMON_BLOCKS = YES;
				GCC_OPTIMIZATION_LEVEL = 0;
				GCC_PREPROCESSOR_DEFINITIONS = (
					"DEBUG=1",
					"$(inherited)",
				);
				GCC_WARN_64_TO_32_BIT_CONVERSION = YES;
				GCC_WARN_ABOUT_RETURN_TYPE = YES_ERROR;
				GCC_WARN_UNDECLARED_SELECTOR = YES;
				GCC_WARN_UNINITIALIZED_AUTOS = YES_AGGRESSIVE;
				GCC_WARN_UNUSED_FUNCTION = YES;
				GCC_WARN_UNUSED_VARIABLE = YES;
				IPHONEOS_DEPLOYMENT_TARGET = 13.0;
				MTL_ENABLE_DEBUG_INFO = INCLUDE_SOURCE;
				MTL_FAST_MATH = YES;
				ONLY_ACTIVE_ARCH = YES;
				SDKROOT = iphoneos;
				SWIFT_ACTIVE_COMPILATION_CONDITIONS = DEBUG;
				SWIFT_OPTIMIZATION_LEVEL = "-Onone";
			};
			name = Debug;
		};
		CE8E2AAA23F1A50B009AB591 /* Release */ = {
			isa = XCBuildConfiguration;
			buildSettings = {
				ALWAYS_SEARCH_USER_PATHS = NO;
				CLANG_ANALYZER_NONNULL = YES;
				CLANG_ANALYZER_NUMBER_OBJECT_CONVERSION = YES_AGGRESSIVE;
				CLANG_CXX_LANGUAGE_STANDARD = "gnu++14";
				CLANG_CXX_LIBRARY = "libc++";
				CLANG_ENABLE_MODULES = YES;
				CLANG_ENABLE_OBJC_ARC = YES;
				CLANG_ENABLE_OBJC_WEAK = YES;
				CLANG_WARN_BLOCK_CAPTURE_AUTORELEASING = YES;
				CLANG_WARN_BOOL_CONVERSION = YES;
				CLANG_WARN_COMMA = YES;
				CLANG_WARN_CONSTANT_CONVERSION = YES;
				CLANG_WARN_DEPRECATED_OBJC_IMPLEMENTATIONS = YES;
				CLANG_WARN_DIRECT_OBJC_ISA_USAGE = YES_ERROR;
				CLANG_WARN_DOCUMENTATION_COMMENTS = YES;
				CLANG_WARN_EMPTY_BODY = YES;
				CLANG_WARN_ENUM_CONVERSION = YES;
				CLANG_WARN_INFINITE_RECURSION = YES;
				CLANG_WARN_INT_CONVERSION = YES;
				CLANG_WARN_NON_LITERAL_NULL_CONVERSION = YES;
				CLANG_WARN_OBJC_IMPLICIT_RETAIN_SELF = YES;
				CLANG_WARN_OBJC_LITERAL_CONVERSION = YES;
				CLANG_WARN_OBJC_ROOT_CLASS = YES_ERROR;
				CLANG_WARN_RANGE_LOOP_ANALYSIS = YES;
				CLANG_WARN_STRICT_PROTOTYPES = YES;
				CLANG_WARN_SUSPICIOUS_MOVE = YES;
				CLANG_WARN_UNGUARDED_AVAILABILITY = YES_AGGRESSIVE;
				CLANG_WARN_UNREACHABLE_CODE = YES;
				CLANG_WARN__DUPLICATE_METHOD_MATCH = YES;
				COPY_PHASE_STRIP = NO;
				DEBUG_INFORMATION_FORMAT = "dwarf-with-dsym";
				ENABLE_NS_ASSERTIONS = NO;
				ENABLE_STRICT_OBJC_MSGSEND = YES;
				GCC_C_LANGUAGE_STANDARD = gnu11;
				GCC_NO_COMMON_BLOCKS = YES;
				GCC_WARN_64_TO_32_BIT_CONVERSION = YES;
				GCC_WARN_ABOUT_RETURN_TYPE = YES_ERROR;
				GCC_WARN_UNDECLARED_SELECTOR = YES;
				GCC_WARN_UNINITIALIZED_AUTOS = YES_AGGRESSIVE;
				GCC_WARN_UNUSED_FUNCTION = YES;
				GCC_WARN_UNUSED_VARIABLE = YES;
				IPHONEOS_DEPLOYMENT_TARGET = 13.0;
				MTL_ENABLE_DEBUG_INFO = NO;
				MTL_FAST_MATH = YES;
				SDKROOT = iphoneos;
				SWIFT_COMPILATION_MODE = wholemodule;
				SWIFT_OPTIMIZATION_LEVEL = "-O";
				VALIDATE_PRODUCT = YES;
			};
			name = Release;
		};
		CE8E2AAC23F1A50B009AB591 /* Debug */ = {
			isa = XCBuildConfiguration;
			buildSettings = {
				ASSETCATALOG_COMPILER_APPICON_NAME = AppIcon;
				CODE_SIGN_STYLE = Automatic;
				DEVELOPMENT_TEAM = 8392B7X4JB;
				INFOPLIST_FILE = MyMovies/Info.plist;
				IPHONEOS_DEPLOYMENT_TARGET = 13.0;
				LD_RUNPATH_SEARCH_PATHS = (
					"$(inherited)",
					"@executable_path/Frameworks",
				);
				PRODUCT_BUNDLE_IDENTIFIER = com.Volkov.MyMovies;
				PRODUCT_NAME = "$(TARGET_NAME)";
				SWIFT_VERSION = 5.0;
				TARGETED_DEVICE_FAMILY = "1,2";
			};
			name = Debug;
		};
		CE8E2AAD23F1A50B009AB591 /* Release */ = {
			isa = XCBuildConfiguration;
			buildSettings = {
				ASSETCATALOG_COMPILER_APPICON_NAME = AppIcon;
				CODE_SIGN_STYLE = Automatic;
				DEVELOPMENT_TEAM = 8392B7X4JB;
				INFOPLIST_FILE = MyMovies/Info.plist;
				IPHONEOS_DEPLOYMENT_TARGET = 13.0;
				LD_RUNPATH_SEARCH_PATHS = (
					"$(inherited)",
					"@executable_path/Frameworks",
				);
				PRODUCT_BUNDLE_IDENTIFIER = com.Volkov.MyMovies;
				PRODUCT_NAME = "$(TARGET_NAME)";
				SWIFT_VERSION = 5.0;
				TARGETED_DEVICE_FAMILY = "1,2";
			};
			name = Release;
		};
/* End XCBuildConfiguration section */

/* Begin XCConfigurationList section */
		CE8E2A8F23F1A509009AB591 /* Build configuration list for PBXProject "MyMovies" */ = {
			isa = XCConfigurationList;
			buildConfigurations = (
				CE8E2AA923F1A50B009AB591 /* Debug */,
				CE8E2AAA23F1A50B009AB591 /* Release */,
			);
			defaultConfigurationIsVisible = 0;
			defaultConfigurationName = Release;
		};
		CE8E2AAB23F1A50B009AB591 /* Build configuration list for PBXNativeTarget "MyMovies" */ = {
			isa = XCConfigurationList;
			buildConfigurations = (
				CE8E2AAC23F1A50B009AB591 /* Debug */,
				CE8E2AAD23F1A50B009AB591 /* Release */,
			);
			defaultConfigurationIsVisible = 0;
			defaultConfigurationName = Release;
		};
/* End XCConfigurationList section */

/* Begin XCVersionGroup section */
		CE8E2AA023F1A509009AB591 /* MyMovies.xcdatamodeld */ = {
			isa = XCVersionGroup;
			children = (
				CE8E2AA123F1A509009AB591 /* MyMovies.xcdatamodel */,
			);
			currentVersion = CE8E2AA123F1A509009AB591 /* MyMovies.xcdatamodel */;
			path = MyMovies.xcdatamodeld;
			sourceTree = "<group>";
			versionGroupType = wrapper.xcdatamodel;
		};
/* End XCVersionGroup section */
	};
	rootObject = CE8E2A8C23F1A509009AB591 /* Project object */;
}
